
Microsoft Visual Studio Solution File, Format Version 12.00
# Visual Studio Version 17
VisualStudioVersion = 17.9.34902.65
MinimumVisualStudioVersion = 10.0.40219.1
Project("{9A19103F-16F7-4668-BE54-9A1E7A4F7556}") = "Core", "Core\Core.csproj", "{EBDEEF5A-693D-447A-968B-7FC6616AE1A1}"
EndProject
Project("{9A19103F-16F7-4668-BE54-9A1E7A4F7556}") = "Application", "Application\Application.csproj", "{F36D3815-40FA-4BE1-A018-3ADA3D5A9CB1}"
EndProject
Project("{9A19103F-16F7-4668-BE54-9A1E7A4F7556}") = "Infrastructure", "Infrastructure\Infrastructure.csproj", "{67263315-64DE-436E-BC2B-C3BDCC0C4EBF}"
EndProject
Project("{9A19103F-16F7-4668-BE54-9A1E7A4F7556}") = "Web", "Web\Web.csproj", "{9996D400-323A-4764-B73A-80B4F6516704}"
EndProject
Project("{FAE04EC0-301F-11D3-BF4B-00C04F79EFBC}") = "doctorBook_API", "doctorBook_API\doctorBook_API.csproj", "{F551EE3F-1DBA-42B2-B603-D0FE736DDDC5}"
EndProject
Global
	GlobalSection(SolutionConfigurationPlatforms) = preSolution
		Debug|Any CPU = Debug|Any CPU
		Release|Any CPU = Release|Any CPU
	EndGlobalSection
	GlobalSection(ProjectConfigurationPlatforms) = postSolution
		{EBDEEF5A-693D-447A-968B-7FC6616AE1A1}.Debug|Any CPU.ActiveCfg = Debug|Any CPU
		{EBDEEF5A-693D-447A-968B-7FC6616AE1A1}.Debug|Any CPU.Build.0 = Debug|Any CPU
		{EBDEEF5A-693D-447A-968B-7FC6616AE1A1}.Release|Any CPU.ActiveCfg = Release|Any CPU
		{EBDEEF5A-693D-447A-968B-7FC6616AE1A1}.Release|Any CPU.Build.0 = Release|Any CPU
		{F36D3815-40FA-4BE1-A018-3ADA3D5A9CB1}.Debug|Any CPU.ActiveCfg = Debug|Any CPU
		{F36D3815-40FA-4BE1-A018-3ADA3D5A9CB1}.Debug|Any CPU.Build.0 = Debug|Any CPU
		{F36D3815-40FA-4BE1-A018-3ADA3D5A9CB1}.Release|Any CPU.ActiveCfg = Release|Any CPU
		{F36D3815-40FA-4BE1-A018-3ADA3D5A9CB1}.Release|Any CPU.Build.0 = Release|Any CPU
		{67263315-64DE-436E-BC2B-C3BDCC0C4EBF}.Debug|Any CPU.ActiveCfg = Debug|Any CPU
		{67263315-64DE-436E-BC2B-C3BDCC0C4EBF}.Debug|Any CPU.Build.0 = Debug|Any CPU
		{67263315-64DE-436E-BC2B-C3BDCC0C4EBF}.Release|Any CPU.ActiveCfg = Release|Any CPU
		{67263315-64DE-436E-BC2B-C3BDCC0C4EBF}.Release|Any CPU.Build.0 = Release|Any CPU
		{9996D400-323A-4764-B73A-80B4F6516704}.Debug|Any CPU.ActiveCfg = Debug|Any CPU
		{9996D400-323A-4764-B73A-80B4F6516704}.Debug|Any CPU.Build.0 = Debug|Any CPU
		{9996D400-323A-4764-B73A-80B4F6516704}.Release|Any CPU.ActiveCfg = Release|Any CPU
		{9996D400-323A-4764-B73A-80B4F6516704}.Release|Any CPU.Build.0 = Release|Any CPU
		{F551EE3F-1DBA-42B2-B603-D0FE736DDDC5}.Debug|Any CPU.ActiveCfg = Debug|Any CPU
		{F551EE3F-1DBA-42B2-B603-D0FE736DDDC5}.Debug|Any CPU.Build.0 = Debug|Any CPU
		{F551EE3F-1DBA-42B2-B603-D0FE736DDDC5}.Release|Any CPU.ActiveCfg = Release|Any CPU
		{F551EE3F-1DBA-42B2-B603-D0FE736DDDC5}.Release|Any CPU.Build.0 = Release|Any CPU
	EndGlobalSection
	GlobalSection(SolutionProperties) = preSolution
		HideSolutionNode = FALSE
	EndGlobalSection
	GlobalSection(ExtensibilityGlobals) = postSolution
		SolutionGuid = {A5D9C673-BDC0-4F40-8F7D-BF06044EA781}
	EndGlobalSection
EndGlobal
