
Microsoft Visual Studio Solution File, Format Version 12.00
# Visual Studio Version 17
VisualStudioVersion = 17.9.34728.123
MinimumVisualStudioVersion = 10.0.40219.1
Project("{FAE04EC0-301F-11D3-BF4B-00C04F79EFBC}") = "doctorBook.com", "doctorBook.com.csproj", "{B4D9B220-F066-4AC5-B711-BDD5B8C3695A}"
EndProject
Global
	GlobalSection(SolutionConfigurationPlatforms) = preSolution
		Debug|Any CPU = Debug|Any CPU
		Release|Any CPU = Release|Any CPU
	EndGlobalSection
	GlobalSection(ProjectConfigurationPlatforms) = postSolution
		{B4D9B220-F066-4AC5-B711-BDD5B8C3695A}.Debug|Any CPU.ActiveCfg = Debug|Any CPU
		{B4D9B220-F066-4AC5-B711-BDD5B8C3695A}.Debug|Any CPU.Build.0 = Debug|Any CPU
		{B4D9B220-F066-4AC5-B711-BDD5B8C3695A}.Release|Any CPU.ActiveCfg = Release|Any CPU
		{B4D9B220-F066-4AC5-B711-BDD5B8C3695A}.Release|Any CPU.Build.0 = Release|Any CPU
	EndGlobalSection
	GlobalSection(SolutionProperties) = preSolution
		HideSolutionNode = FALSE
	EndGlobalSection
	GlobalSection(ExtensibilityGlobals) = postSolution
		SolutionGuid = {633FFC4C-CF41-4405-BAC1-0488AEB5E393}
	EndGlobalSection
EndGlobal
